
Microsoft Visual Studio Solution File, Format Version 12.00
# Visual Studio Version 16
VisualStudioVersion = 16.0.30804.86
MinimumVisualStudioVersion = 10.0.40219.1
Project("{FAE04EC0-301F-11D3-BF4B-00C04F79EFBC}") = "ProductBacklog.Web", "ProductBacklog.Web\ProductBacklog.Web.csproj", "{97465067-4267-4EB3-80EF-4F716E980896}"
EndProject
Global
	GlobalSection(SolutionConfigurationPlatforms) = preSolution
		Debug|Any CPU = Debug|Any CPU
		Release|Any CPU = Release|Any CPU
	EndGlobalSection
	GlobalSection(ProjectConfigurationPlatforms) = postSolution
		{97465067-4267-4EB3-80EF-4F716E980896}.Debug|Any CPU.ActiveCfg = Debug|Any CPU
		{97465067-4267-4EB3-80EF-4F716E980896}.Debug|Any CPU.Build.0 = Debug|Any CPU
		{97465067-4267-4EB3-80EF-4F716E980896}.Release|Any CPU.ActiveCfg = Release|Any CPU
		{97465067-4267-4EB3-80EF-4F716E980896}.Release|Any CPU.Build.0 = Release|Any CPU
	EndGlobalSection
	GlobalSection(SolutionProperties) = preSolution
		HideSolutionNode = FALSE
	EndGlobalSection
	GlobalSection(ExtensibilityGlobals) = postSolution
		SolutionGuid = {C3AC1F12-8B99-41C1-84BF-61B4222BA751}
	EndGlobalSection
EndGlobal
